
Microsoft Visual Studio Solution File, Format Version 12.00
# Visual Studio 14
VisualStudioVersion = 14.0.24720.0
MinimumVisualStudioVersion = 10.0.40219.1
Project("{FAE04EC0-301F-11D3-BF4B-00C04F79EFBC}") = "Phát Wifi-Hẹn giờ tắt máy", "Phát Wifi-Hẹn giờ tắt máy\Phát Wifi-Hẹn giờ tắt máy.csproj", "{7FA227EC-859C-4D40-BCF6-6C34E67E7D43}"
EndProject
Global
	GlobalSection(SolutionConfigurationPlatforms) = preSolution
		Debug|Any CPU = Debug|Any CPU
		Release|Any CPU = Release|Any CPU
	EndGlobalSection
	GlobalSection(ProjectConfigurationPlatforms) = postSolution
		{7FA227EC-859C-4D40-BCF6-6C34E67E7D43}.Debug|Any CPU.ActiveCfg = Debug|Any CPU
		{7FA227EC-859C-4D40-BCF6-6C34E67E7D43}.Debug|Any CPU.Build.0 = Debug|Any CPU
		{7FA227EC-859C-4D40-BCF6-6C34E67E7D43}.Release|Any CPU.ActiveCfg = Release|Any CPU
		{7FA227EC-859C-4D40-BCF6-6C34E67E7D43}.Release|Any CPU.Build.0 = Release|Any CPU
	EndGlobalSection
	GlobalSection(SolutionProperties) = preSolution
		HideSolutionNode = FALSE
	EndGlobalSection
EndGlobal
